
Microsoft Visual Studio Solution File, Format Version 12.00
# Visual Studio Version 16
VisualStudioVersion = 16.0.31702.278
MinimumVisualStudioVersion = 10.0.40219.1
Project("{9A19103F-16F7-4668-BE54-9A1E7A4F7556}") = "Estudo Csharp", "Estudo Csharp\Estudo Csharp.csproj", "{E642F547-A1AC-4EBC-BFFC-45FA685D826B}"
EndProject
Project("{FAE04EC0-301F-11D3-BF4B-00C04F79EFBC}") = "CommentPost", "CommentPost\CommentPost.csproj", "{C4B8A04A-16D7-4839-A892-52B4A957D1A8}"
EndProject
Global
	GlobalSection(SolutionConfigurationPlatforms) = preSolution
		Debug|Any CPU = Debug|Any CPU
		Release|Any CPU = Release|Any CPU
	EndGlobalSection
	GlobalSection(ProjectConfigurationPlatforms) = postSolution
		{E642F547-A1AC-4EBC-BFFC-45FA685D826B}.Debug|Any CPU.ActiveCfg = Debug|Any CPU
		{E642F547-A1AC-4EBC-BFFC-45FA685D826B}.Debug|Any CPU.Build.0 = Debug|Any CPU
		{E642F547-A1AC-4EBC-BFFC-45FA685D826B}.Release|Any CPU.ActiveCfg = Release|Any CPU
		{E642F547-A1AC-4EBC-BFFC-45FA685D826B}.Release|Any CPU.Build.0 = Release|Any CPU
		{C4B8A04A-16D7-4839-A892-52B4A957D1A8}.Debug|Any CPU.ActiveCfg = Debug|Any CPU
		{C4B8A04A-16D7-4839-A892-52B4A957D1A8}.Debug|Any CPU.Build.0 = Debug|Any CPU
		{C4B8A04A-16D7-4839-A892-52B4A957D1A8}.Release|Any CPU.ActiveCfg = Release|Any CPU
		{C4B8A04A-16D7-4839-A892-52B4A957D1A8}.Release|Any CPU.Build.0 = Release|Any CPU
	EndGlobalSection
	GlobalSection(SolutionProperties) = preSolution
		HideSolutionNode = FALSE
	EndGlobalSection
	GlobalSection(ExtensibilityGlobals) = postSolution
		SolutionGuid = {FFF35A7B-D0CA-4E67-995A-B2E2F9D4EDCC}
	EndGlobalSection
EndGlobal
